
Microsoft Visual Studio Solution File, Format Version 12.00
# Visual Studio Version 17
VisualStudioVersion = 17.4.33213.308
MinimumVisualStudioVersion = 10.0.40219.1
Project("{9A19103F-16F7-4668-BE54-9A1E7A4F7556}") = "Mc2.CrudTest.Presentation.Server", "Mc2.CrudTest.Presentation\Server\Mc2.CrudTest.Presentation.Server.csproj", "{D2AD2F7D-C1E0-4C84-A2A4-6900CED15599}"
EndProject
Project("{9A19103F-16F7-4668-BE54-9A1E7A4F7556}") = "Mc2.CrudTest.AcceptanceTests", "Mc2.CrudTest.AcceptanceTests\Mc2.CrudTest.AcceptanceTests.csproj", "{6776DF76-1054-486C-A79A-57100C47032F}"
EndProject
Project("{9A19103F-16F7-4668-BE54-9A1E7A4F7556}") = "Mc2.CrudTest.Domain", "Mc2.CrudTest.Domain\Mc2.CrudTest.Domain.csproj", "{F19D0BF2-72CC-4558-84A1-464A3EDED4F0}"
EndProject
Project("{9A19103F-16F7-4668-BE54-9A1E7A4F7556}") = "Mc2.CrudTest.Application", "Mc2.CrudTest.Application\Mc2.CrudTest.Application.csproj", "{7EA4D19B-7504-4B90-920C-E3602F292D48}"
EndProject
Project("{9A19103F-16F7-4668-BE54-9A1E7A4F7556}") = "Mc2.CrudTest.Infrastructure", "Mc2.CrudTest.Infrastructure\Mc2.CrudTest.Infrastructure.csproj", "{2C968BEB-7C85-4BDB-9C09-CF514737CDDB}"
EndProject
Project("{2150E333-8FDC-42A3-9474-1A3956D46DE8}") = "SolutionItems", "SolutionItems", "{A5224983-D931-4C28-AF50-0495E6020150}"
	ProjectSection(SolutionItems) = preProject
		Directory.Build.props = Directory.Build.props
		Directory.Packages.props = Directory.Packages.props
	EndProjectSection
EndProject
Project("{FAE04EC0-301F-11D3-BF4B-00C04F79EFBC}") = "Mc2.CrudTest.Domain.Tests", "Mc2.CrudTest.Domain.Tests\Mc2.CrudTest.Domain.Tests.csproj", "{02727B73-BE0B-4674-92CE-46925E005FF8}"
EndProject
Global
	GlobalSection(SolutionConfigurationPlatforms) = preSolution
		Debug|Any CPU = Debug|Any CPU
		Release|Any CPU = Release|Any CPU
	EndGlobalSection
	GlobalSection(ProjectConfigurationPlatforms) = postSolution
		{D2AD2F7D-C1E0-4C84-A2A4-6900CED15599}.Debug|Any CPU.ActiveCfg = Debug|Any CPU
		{D2AD2F7D-C1E0-4C84-A2A4-6900CED15599}.Debug|Any CPU.Build.0 = Debug|Any CPU
		{D2AD2F7D-C1E0-4C84-A2A4-6900CED15599}.Release|Any CPU.ActiveCfg = Release|Any CPU
		{D2AD2F7D-C1E0-4C84-A2A4-6900CED15599}.Release|Any CPU.Build.0 = Release|Any CPU
		{6776DF76-1054-486C-A79A-57100C47032F}.Debug|Any CPU.ActiveCfg = Debug|Any CPU
		{6776DF76-1054-486C-A79A-57100C47032F}.Debug|Any CPU.Build.0 = Debug|Any CPU
		{6776DF76-1054-486C-A79A-57100C47032F}.Release|Any CPU.ActiveCfg = Release|Any CPU
		{6776DF76-1054-486C-A79A-57100C47032F}.Release|Any CPU.Build.0 = Release|Any CPU
		{F19D0BF2-72CC-4558-84A1-464A3EDED4F0}.Debug|Any CPU.ActiveCfg = Debug|Any CPU
		{F19D0BF2-72CC-4558-84A1-464A3EDED4F0}.Debug|Any CPU.Build.0 = Debug|Any CPU
		{F19D0BF2-72CC-4558-84A1-464A3EDED4F0}.Release|Any CPU.ActiveCfg = Release|Any CPU
		{F19D0BF2-72CC-4558-84A1-464A3EDED4F0}.Release|Any CPU.Build.0 = Release|Any CPU
		{7EA4D19B-7504-4B90-920C-E3602F292D48}.Debug|Any CPU.ActiveCfg = Debug|Any CPU
		{7EA4D19B-7504-4B90-920C-E3602F292D48}.Debug|Any CPU.Build.0 = Debug|Any CPU
		{7EA4D19B-7504-4B90-920C-E3602F292D48}.Release|Any CPU.ActiveCfg = Release|Any CPU
		{7EA4D19B-7504-4B90-920C-E3602F292D48}.Release|Any CPU.Build.0 = Release|Any CPU
		{2C968BEB-7C85-4BDB-9C09-CF514737CDDB}.Debug|Any CPU.ActiveCfg = Debug|Any CPU
		{2C968BEB-7C85-4BDB-9C09-CF514737CDDB}.Debug|Any CPU.Build.0 = Debug|Any CPU
		{2C968BEB-7C85-4BDB-9C09-CF514737CDDB}.Release|Any CPU.ActiveCfg = Release|Any CPU
		{2C968BEB-7C85-4BDB-9C09-CF514737CDDB}.Release|Any CPU.Build.0 = Release|Any CPU
		{02727B73-BE0B-4674-92CE-46925E005FF8}.Debug|Any CPU.ActiveCfg = Debug|Any CPU
		{02727B73-BE0B-4674-92CE-46925E005FF8}.Debug|Any CPU.Build.0 = Debug|Any CPU
		{02727B73-BE0B-4674-92CE-46925E005FF8}.Release|Any CPU.ActiveCfg = Release|Any CPU
		{02727B73-BE0B-4674-92CE-46925E005FF8}.Release|Any CPU.Build.0 = Release|Any CPU
	EndGlobalSection
	GlobalSection(SolutionProperties) = preSolution
		HideSolutionNode = FALSE
	EndGlobalSection
	GlobalSection(ExtensibilityGlobals) = postSolution
		SolutionGuid = {4B5A26C9-68C1-49D9-9F32-AF907A1730C2}
	EndGlobalSection
EndGlobal
